Microsoft Visual Studio Solution File, Format Version 12.00
# Visual Studio Version 16
VisualStudioVersion = 16.0.32126.315
MinimumVisualStudioVersion = 10.0.40219.1
Project("{FAE04EC0-301F-11D3-BF4B-00C04F79EFBC}") = "Lesson7.Patched", "Lesson7.Patched.csproj", "{9FE658BD-1CCA-4FA3-B62D-E041456A745F}"
EndProject
Project("{FAE04EC0-301F-11D3-BF4B-00C04F79EFBC}") = "Lesson7_modified", "..\Lesson7_modified\Lesson7_modified.csproj", "{11A200D5-F62D-4AA5-95D3-C1D1F6D0C613}"
EndProject
Global
	GlobalSection(SolutionConfigurationPlatforms) = preSolution
		Debug|Any CPU = Debug|Any CPU
		Release|Any CPU = Release|Any CPU
	EndGlobalSection
	GlobalSection(ProjectConfigurationPlatforms) = postSolution
		{9FE658BD-1CCA-4FA3-B62D-E041456A745F}.Debug|Any CPU.ActiveCfg = Debug|Any CPU
		{9FE658BD-1CCA-4FA3-B62D-E041456A745F}.Debug|Any CPU.Build.0 = Debug|Any CPU
		{9FE658BD-1CCA-4FA3-B62D-E041456A745F}.Release|Any CPU.ActiveCfg = Release|Any CPU
		{9FE658BD-1CCA-4FA3-B62D-E041456A745F}.Release|Any CPU.Build.0 = Release|Any CPU
		{11A200D5-F62D-4AA5-95D3-C1D1F6D0C613}.Debug|Any CPU.ActiveCfg = Debug|Any CPU
		{11A200D5-F62D-4AA5-95D3-C1D1F6D0C613}.Debug|Any CPU.Build.0 = Debug|Any CPU
		{11A200D5-F62D-4AA5-95D3-C1D1F6D0C613}.Release|Any CPU.ActiveCfg = Release|Any CPU
		{11A200D5-F62D-4AA5-95D3-C1D1F6D0C613}.Release|Any CPU.Build.0 = Release|Any CPU
	EndGlobalSection
	GlobalSection(SolutionProperties) = preSolution
		HideSolutionNode = FALSE
	EndGlobalSection
	GlobalSection(ExtensibilityGlobals) = postSolution
		SolutionGuid = {45017021-7D04-483B-BFD3-2FE985112EEA}
	EndGlobalSection
EndGlobal
