
Microsoft Visual Studio Solution File, Format Version 12.00
# Visual Studio Version 16
VisualStudioVersion = 16.0.29613.14
MinimumVisualStudioVersion = 10.0.40219.1
Project("{FAE04EC0-301F-11D3-BF4B-00C04F79EFBC}") = "lesson_1", "lesson_1\lesson_1.csproj", "{4E0A0B2D-89CB-4B5B-B222-4418CDEC6A9F}"
EndProject
<<<<<<< HEAD
<<<<<<< HEAD
<<<<<<< HEAD
<<<<<<< HEAD
Project("{2150E333-8FDC-42A3-9474-1A3956D46DE8}") = "Lesson2", "Lesson2", "{1E0DA545-FE60-4DF5-A24A-0DE72C0A7938}"
EndProject
Project("{FAE04EC0-301F-11D3-BF4B-00C04F79EFBC}") = "Lesson2.1", "Lesson2.1\Lesson2.1.csproj", "{7C05BB1C-1F51-4F6C-9F05-6B37AEEA746B}"
EndProject
Project("{FAE04EC0-301F-11D3-BF4B-00C04F79EFBC}") = "Lesson2.2", "Lesson2.2\Lesson2.2.csproj", "{29F6DE29-44AF-43BB-ACC7-6A860D760EC5}"
EndProject
Project("{FAE04EC0-301F-11D3-BF4B-00C04F79EFBC}") = "Lesson2.3", "Lesson2.3\Lesson2.3.csproj", "{E8014B2F-0626-4934-B47F-378434DDBF04}"
EndProject
Project("{FAE04EC0-301F-11D3-BF4B-00C04F79EFBC}") = "Lesson2.4", "Lesson2.4\Lesson2.4.csproj", "{1BF111AA-68C2-41B9-98BC-1BD7A626CDA8}"
EndProject
Project("{FAE04EC0-301F-11D3-BF4B-00C04F79EFBC}") = "Lesson2.5", "Lesson2.5\Lesson2.5.csproj", "{4D556982-8437-49C5-82DC-A828B9709B8E}"
=======
Project("{FAE04EC0-301F-11D3-BF4B-00C04F79EFBC}") = "Lesson_3", "Lesson_3\Lesson_3.csproj", "{CA8F1E21-23A4-4C75-B516-47227B980514}"
>>>>>>> lesson-3.1
=======
Project("{FAE04EC0-301F-11D3-BF4B-00C04F79EFBC}") = "Lesson_3.2", "Lesson_3.2\Lesson_3.2.csproj", "{91674F30-1394-4A84-B9E6-0348CBCE2CD9}"
>>>>>>> lesson-3.2
=======
Project("{FAE04EC0-301F-11D3-BF4B-00C04F79EFBC}") = "Lesson_3.3", "Lesson_3.3\Lesson_3.3.csproj", "{09CEF2C0-DCB3-450B-8643-96ACB4250AC1}"
>>>>>>> lesson-3.3
=======
Project("{FAE04EC0-301F-11D3-BF4B-00C04F79EFBC}") = "Lesson_3.4", "Lesson_3.4\Lesson_3.4.csproj", "{80E63D13-431D-4A13-8630-026A94764F8E}"
>>>>>>> lesson-3.4
EndProject
Global
	GlobalSection(SolutionConfigurationPlatforms) = preSolution
		Debug|Any CPU = Debug|Any CPU
		Release|Any CPU = Release|Any CPU
	EndGlobalSection
	GlobalSection(ProjectConfigurationPlatforms) = postSolution
		{4E0A0B2D-89CB-4B5B-B222-4418CDEC6A9F}.Debug|Any CPU.ActiveCfg = Debug|Any CPU
		{4E0A0B2D-89CB-4B5B-B222-4418CDEC6A9F}.Debug|Any CPU.Build.0 = Debug|Any CPU
		{4E0A0B2D-89CB-4B5B-B222-4418CDEC6A9F}.Release|Any CPU.ActiveCfg = Release|Any CPU
		{4E0A0B2D-89CB-4B5B-B222-4418CDEC6A9F}.Release|Any CPU.Build.0 = Release|Any CPU
<<<<<<< HEAD
<<<<<<< HEAD
<<<<<<< HEAD
<<<<<<< HEAD
		{7C05BB1C-1F51-4F6C-9F05-6B37AEEA746B}.Debug|Any CPU.ActiveCfg = Debug|Any CPU
		{7C05BB1C-1F51-4F6C-9F05-6B37AEEA746B}.Debug|Any CPU.Build.0 = Debug|Any CPU
		{7C05BB1C-1F51-4F6C-9F05-6B37AEEA746B}.Release|Any CPU.ActiveCfg = Release|Any CPU
		{7C05BB1C-1F51-4F6C-9F05-6B37AEEA746B}.Release|Any CPU.Build.0 = Release|Any CPU
		{29F6DE29-44AF-43BB-ACC7-6A860D760EC5}.Debug|Any CPU.ActiveCfg = Debug|Any CPU
		{29F6DE29-44AF-43BB-ACC7-6A860D760EC5}.Debug|Any CPU.Build.0 = Debug|Any CPU
		{29F6DE29-44AF-43BB-ACC7-6A860D760EC5}.Release|Any CPU.ActiveCfg = Release|Any CPU
		{29F6DE29-44AF-43BB-ACC7-6A860D760EC5}.Release|Any CPU.Build.0 = Release|Any CPU
		{E8014B2F-0626-4934-B47F-378434DDBF04}.Debug|Any CPU.ActiveCfg = Debug|Any CPU
		{E8014B2F-0626-4934-B47F-378434DDBF04}.Debug|Any CPU.Build.0 = Debug|Any CPU
		{E8014B2F-0626-4934-B47F-378434DDBF04}.Release|Any CPU.ActiveCfg = Release|Any CPU
		{E8014B2F-0626-4934-B47F-378434DDBF04}.Release|Any CPU.Build.0 = Release|Any CPU
		{1BF111AA-68C2-41B9-98BC-1BD7A626CDA8}.Debug|Any CPU.ActiveCfg = Debug|Any CPU
		{1BF111AA-68C2-41B9-98BC-1BD7A626CDA8}.Debug|Any CPU.Build.0 = Debug|Any CPU
		{1BF111AA-68C2-41B9-98BC-1BD7A626CDA8}.Release|Any CPU.ActiveCfg = Release|Any CPU
		{1BF111AA-68C2-41B9-98BC-1BD7A626CDA8}.Release|Any CPU.Build.0 = Release|Any CPU
		{4D556982-8437-49C5-82DC-A828B9709B8E}.Debug|Any CPU.ActiveCfg = Debug|Any CPU
		{4D556982-8437-49C5-82DC-A828B9709B8E}.Debug|Any CPU.Build.0 = Debug|Any CPU
		{4D556982-8437-49C5-82DC-A828B9709B8E}.Release|Any CPU.ActiveCfg = Release|Any CPU
		{4D556982-8437-49C5-82DC-A828B9709B8E}.Release|Any CPU.Build.0 = Release|Any CPU
=======
		{CA8F1E21-23A4-4C75-B516-47227B980514}.Debug|Any CPU.ActiveCfg = Debug|Any CPU
		{CA8F1E21-23A4-4C75-B516-47227B980514}.Debug|Any CPU.Build.0 = Debug|Any CPU
		{CA8F1E21-23A4-4C75-B516-47227B980514}.Release|Any CPU.ActiveCfg = Release|Any CPU
		{CA8F1E21-23A4-4C75-B516-47227B980514}.Release|Any CPU.Build.0 = Release|Any CPU
>>>>>>> lesson-3.1
=======
		{91674F30-1394-4A84-B9E6-0348CBCE2CD9}.Debug|Any CPU.ActiveCfg = Debug|Any CPU
		{91674F30-1394-4A84-B9E6-0348CBCE2CD9}.Debug|Any CPU.Build.0 = Debug|Any CPU
		{91674F30-1394-4A84-B9E6-0348CBCE2CD9}.Release|Any CPU.ActiveCfg = Release|Any CPU
		{91674F30-1394-4A84-B9E6-0348CBCE2CD9}.Release|Any CPU.Build.0 = Release|Any CPU
>>>>>>> lesson-3.2
=======
		{09CEF2C0-DCB3-450B-8643-96ACB4250AC1}.Debug|Any CPU.ActiveCfg = Debug|Any CPU
		{09CEF2C0-DCB3-450B-8643-96ACB4250AC1}.Debug|Any CPU.Build.0 = Debug|Any CPU
		{09CEF2C0-DCB3-450B-8643-96ACB4250AC1}.Release|Any CPU.ActiveCfg = Release|Any CPU
		{09CEF2C0-DCB3-450B-8643-96ACB4250AC1}.Release|Any CPU.Build.0 = Release|Any CPU
>>>>>>> lesson-3.3
=======
		{80E63D13-431D-4A13-8630-026A94764F8E}.Debug|Any CPU.ActiveCfg = Debug|Any CPU
		{80E63D13-431D-4A13-8630-026A94764F8E}.Debug|Any CPU.Build.0 = Debug|Any CPU
		{80E63D13-431D-4A13-8630-026A94764F8E}.Release|Any CPU.ActiveCfg = Release|Any CPU
		{80E63D13-431D-4A13-8630-026A94764F8E}.Release|Any CPU.Build.0 = Release|Any CPU
>>>>>>> lesson-3.4
	EndGlobalSection
	GlobalSection(SolutionProperties) = preSolution
		HideSolutionNode = FALSE
	EndGlobalSection
	GlobalSection(NestedProjects) = preSolution
		{7C05BB1C-1F51-4F6C-9F05-6B37AEEA746B} = {1E0DA545-FE60-4DF5-A24A-0DE72C0A7938}
		{29F6DE29-44AF-43BB-ACC7-6A860D760EC5} = {1E0DA545-FE60-4DF5-A24A-0DE72C0A7938}
		{E8014B2F-0626-4934-B47F-378434DDBF04} = {1E0DA545-FE60-4DF5-A24A-0DE72C0A7938}
		{1BF111AA-68C2-41B9-98BC-1BD7A626CDA8} = {1E0DA545-FE60-4DF5-A24A-0DE72C0A7938}
		{4D556982-8437-49C5-82DC-A828B9709B8E} = {1E0DA545-FE60-4DF5-A24A-0DE72C0A7938}
	EndGlobalSection
	GlobalSection(ExtensibilityGlobals) = postSolution
		SolutionGuid = {2E92A48D-C20B-40F9-8F7E-11F81CB6E15D}
	EndGlobalSection
EndGlobal
