
Microsoft Visual Studio Solution File, Format Version 12.00
# Visual Studio Version 16
VisualStudioVersion = 16.0.29613.14
MinimumVisualStudioVersion = 10.0.40219.1
Project("{FAE04EC0-301F-11D3-BF4B-00C04F79EFBC}") = "lesson_1", "lesson_1\lesson_1.csproj", "{4E0A0B2D-89CB-4B5B-B222-4418CDEC6A9F}"
EndProject
Project("{2150E333-8FDC-42A3-9474-1A3956D46DE8}") = "Lesson2", "Lesson2", "{1E0DA545-FE60-4DF5-A24A-0DE72C0A7938}"
EndProject
Project("{FAE04EC0-301F-11D3-BF4B-00C04F79EFBC}") = "Lesson2.1", "Lesson2.1\Lesson2.1.csproj", "{7C05BB1C-1F51-4F6C-9F05-6B37AEEA746B}"
EndProject
Project("{FAE04EC0-301F-11D3-BF4B-00C04F79EFBC}") = "Lesson2.2", "Lesson2.2\Lesson2.2.csproj", "{29F6DE29-44AF-43BB-ACC7-6A860D760EC5}"
EndProject
Project("{FAE04EC0-301F-11D3-BF4B-00C04F79EFBC}") = "Lesson2.3", "Lesson2.3\Lesson2.3.csproj", "{E8014B2F-0626-4934-B47F-378434DDBF04}"
EndProject
Project("{FAE04EC0-301F-11D3-BF4B-00C04F79EFBC}") = "Lesson2.4", "Lesson2.4\Lesson2.4.csproj", "{1BF111AA-68C2-41B9-98BC-1BD7A626CDA8}"
EndProject
Project("{FAE04EC0-301F-11D3-BF4B-00C04F79EFBC}") = "Lesson2.5", "Lesson2.5\Lesson2.5.csproj", "{4D556982-8437-49C5-82DC-A828B9709B8E}"
EndProject
Project("{FAE04EC0-301F-11D3-BF4B-00C04F79EFBC}") = "Lesson_3", "Lesson_3\Lesson_3.csproj", "{CA8F1E21-23A4-4C75-B516-47227B980514}"
EndProject
Project("{FAE04EC0-301F-11D3-BF4B-00C04F79EFBC}") = "Lesson_3.2", "Lesson_3.2\Lesson_3.2.csproj", "{91674F30-1394-4A84-B9E6-0348CBCE2CD9}"
EndProject
Project("{FAE04EC0-301F-11D3-BF4B-00C04F79EFBC}") = "Lesson_3.3", "Lesson_3.3\Lesson_3.3.csproj", "{09CEF2C0-DCB3-450B-8643-96ACB4250AC1}"
EndProject
Project("{FAE04EC0-301F-11D3-BF4B-00C04F79EFBC}") = "Lesson_3.4", "Lesson_3.4\Lesson_3.4.csproj", "{80E63D13-431D-4A13-8630-026A94764F8E}"
EndProject
<<<<<<< HEAD
Project("{2150E333-8FDC-42A3-9474-1A3956D46DE8}") = "Lesson4", "Lesson4", "{30F7BC5B-8D90-41C3-B4C5-EF66C6F5F4D7}"
EndProject
Project("{FAE04EC0-301F-11D3-BF4B-00C04F79EFBC}") = "Lesson4.1", "Lesson4.1\Lesson4.1.csproj", "{E7FC9F80-A6C3-496D-9033-89B58C0F7AA2}"
EndProject
<<<<<<< HEAD
Project("{FAE04EC0-301F-11D3-BF4B-00C04F79EFBC}") = "Lesson4.2", "Lesson4.2\Lesson4.2.csproj", "{C8A76201-479C-4A9F-815D-3218498391BD}"
EndProject
Project("{FAE04EC0-301F-11D3-BF4B-00C04F79EFBC}") = "Lesson4.3", "Lesson4.3\Lesson4.3.csproj", "{58D22B47-8D03-4FC9-AD73-7B9E40565F0A}"
=======
Project("{FAE04EC0-301F-11D3-BF4B-00C04F79EFBC}") = "Lesson4.4", "Lesson4.4\Lesson4.4.csproj", "{BE9D3C54-2C5C-4BAB-838A-7AC3E2EAF719}"
>>>>>>> lesson-4.4
=======
Project("{2150E333-8FDC-42A3-9474-1A3956D46DE8}") = "Lesson5", "Lesson5", "{A97F9CAC-B3D1-4148-8959-996C80E5CDDD}"
EndProject
Project("{FAE04EC0-301F-11D3-BF4B-00C04F79EFBC}") = "Lesson5", "Lesson5\Lesson5.csproj", "{BFF6A5B9-9FBE-4A6C-A392-6E75CEB0FDC2}"
EndProject
Project("{FAE04EC0-301F-11D3-BF4B-00C04F79EFBC}") = "Lesson5.2", "Lesson5.2\Lesson5.2.csproj", "{78B7998C-220C-421F-B8F1-C37F739F36CC}"
EndProject
Project("{FAE04EC0-301F-11D3-BF4B-00C04F79EFBC}") = "Lesson-5.3", "Lesson-5.3\Lesson-5.3.csproj", "{5A980055-99AF-436D-8A35-C637D7CC83F0}"
EndProject
Project("{FAE04EC0-301F-11D3-BF4B-00C04F79EFBC}") = "Lesson5.4", "Lesson5.4\Lesson5.4.csproj", "{A82B83F7-3F7A-4D6F-B7B4-32A1ADD3ACAA}"
EndProject
Project("{FAE04EC0-301F-11D3-BF4B-00C04F79EFBC}") = "Lesson5.5", "Lesson5.5\Lesson5.5.csproj", "{25CA99FB-12FC-4F9B-88C7-7A6156C6AED1}"
>>>>>>> lesson-5.5
EndProject
Global
	GlobalSection(SolutionConfigurationPlatforms) = preSolution
		Debug|Any CPU = Debug|Any CPU
		Release|Any CPU = Release|Any CPU
	EndGlobalSection
	GlobalSection(ProjectConfigurationPlatforms) = postSolution
		{4E0A0B2D-89CB-4B5B-B222-4418CDEC6A9F}.Debug|Any CPU.ActiveCfg = Debug|Any CPU
		{4E0A0B2D-89CB-4B5B-B222-4418CDEC6A9F}.Debug|Any CPU.Build.0 = Debug|Any CPU
		{4E0A0B2D-89CB-4B5B-B222-4418CDEC6A9F}.Release|Any CPU.ActiveCfg = Release|Any CPU
		{4E0A0B2D-89CB-4B5B-B222-4418CDEC6A9F}.Release|Any CPU.Build.0 = Release|Any CPU
		{7C05BB1C-1F51-4F6C-9F05-6B37AEEA746B}.Debug|Any CPU.ActiveCfg = Debug|Any CPU
		{7C05BB1C-1F51-4F6C-9F05-6B37AEEA746B}.Debug|Any CPU.Build.0 = Debug|Any CPU
		{7C05BB1C-1F51-4F6C-9F05-6B37AEEA746B}.Release|Any CPU.ActiveCfg = Release|Any CPU
		{7C05BB1C-1F51-4F6C-9F05-6B37AEEA746B}.Release|Any CPU.Build.0 = Release|Any CPU
		{29F6DE29-44AF-43BB-ACC7-6A860D760EC5}.Debug|Any CPU.ActiveCfg = Debug|Any CPU
		{29F6DE29-44AF-43BB-ACC7-6A860D760EC5}.Debug|Any CPU.Build.0 = Debug|Any CPU
		{29F6DE29-44AF-43BB-ACC7-6A860D760EC5}.Release|Any CPU.ActiveCfg = Release|Any CPU
		{29F6DE29-44AF-43BB-ACC7-6A860D760EC5}.Release|Any CPU.Build.0 = Release|Any CPU
		{E8014B2F-0626-4934-B47F-378434DDBF04}.Debug|Any CPU.ActiveCfg = Debug|Any CPU
		{E8014B2F-0626-4934-B47F-378434DDBF04}.Debug|Any CPU.Build.0 = Debug|Any CPU
		{E8014B2F-0626-4934-B47F-378434DDBF04}.Release|Any CPU.ActiveCfg = Release|Any CPU
		{E8014B2F-0626-4934-B47F-378434DDBF04}.Release|Any CPU.Build.0 = Release|Any CPU
		{1BF111AA-68C2-41B9-98BC-1BD7A626CDA8}.Debug|Any CPU.ActiveCfg = Debug|Any CPU
		{1BF111AA-68C2-41B9-98BC-1BD7A626CDA8}.Debug|Any CPU.Build.0 = Debug|Any CPU
		{1BF111AA-68C2-41B9-98BC-1BD7A626CDA8}.Release|Any CPU.ActiveCfg = Release|Any CPU
		{1BF111AA-68C2-41B9-98BC-1BD7A626CDA8}.Release|Any CPU.Build.0 = Release|Any CPU
		{4D556982-8437-49C5-82DC-A828B9709B8E}.Debug|Any CPU.ActiveCfg = Debug|Any CPU
		{4D556982-8437-49C5-82DC-A828B9709B8E}.Debug|Any CPU.Build.0 = Debug|Any CPU
		{4D556982-8437-49C5-82DC-A828B9709B8E}.Release|Any CPU.ActiveCfg = Release|Any CPU
		{4D556982-8437-49C5-82DC-A828B9709B8E}.Release|Any CPU.Build.0 = Release|Any CPU
		{CA8F1E21-23A4-4C75-B516-47227B980514}.Debug|Any CPU.ActiveCfg = Debug|Any CPU
		{CA8F1E21-23A4-4C75-B516-47227B980514}.Debug|Any CPU.Build.0 = Debug|Any CPU
		{CA8F1E21-23A4-4C75-B516-47227B980514}.Release|Any CPU.ActiveCfg = Release|Any CPU
		{CA8F1E21-23A4-4C75-B516-47227B980514}.Release|Any CPU.Build.0 = Release|Any CPU
		{91674F30-1394-4A84-B9E6-0348CBCE2CD9}.Debug|Any CPU.ActiveCfg = Debug|Any CPU
		{91674F30-1394-4A84-B9E6-0348CBCE2CD9}.Debug|Any CPU.Build.0 = Debug|Any CPU
		{91674F30-1394-4A84-B9E6-0348CBCE2CD9}.Release|Any CPU.ActiveCfg = Release|Any CPU
		{91674F30-1394-4A84-B9E6-0348CBCE2CD9}.Release|Any CPU.Build.0 = Release|Any CPU
		{09CEF2C0-DCB3-450B-8643-96ACB4250AC1}.Debug|Any CPU.ActiveCfg = Debug|Any CPU
		{09CEF2C0-DCB3-450B-8643-96ACB4250AC1}.Debug|Any CPU.Build.0 = Debug|Any CPU
		{09CEF2C0-DCB3-450B-8643-96ACB4250AC1}.Release|Any CPU.ActiveCfg = Release|Any CPU
		{09CEF2C0-DCB3-450B-8643-96ACB4250AC1}.Release|Any CPU.Build.0 = Release|Any CPU
		{80E63D13-431D-4A13-8630-026A94764F8E}.Debug|Any CPU.ActiveCfg = Debug|Any CPU
		{80E63D13-431D-4A13-8630-026A94764F8E}.Debug|Any CPU.Build.0 = Debug|Any CPU
		{80E63D13-431D-4A13-8630-026A94764F8E}.Release|Any CPU.ActiveCfg = Release|Any CPU
		{80E63D13-431D-4A13-8630-026A94764F8E}.Release|Any CPU.Build.0 = Release|Any CPU
<<<<<<< HEAD
		{E7FC9F80-A6C3-496D-9033-89B58C0F7AA2}.Debug|Any CPU.ActiveCfg = Debug|Any CPU
		{E7FC9F80-A6C3-496D-9033-89B58C0F7AA2}.Debug|Any CPU.Build.0 = Debug|Any CPU
		{E7FC9F80-A6C3-496D-9033-89B58C0F7AA2}.Release|Any CPU.ActiveCfg = Release|Any CPU
		{E7FC9F80-A6C3-496D-9033-89B58C0F7AA2}.Release|Any CPU.Build.0 = Release|Any CPU
<<<<<<< HEAD
		{C8A76201-479C-4A9F-815D-3218498391BD}.Debug|Any CPU.ActiveCfg = Debug|Any CPU
		{C8A76201-479C-4A9F-815D-3218498391BD}.Debug|Any CPU.Build.0 = Debug|Any CPU
		{C8A76201-479C-4A9F-815D-3218498391BD}.Release|Any CPU.ActiveCfg = Release|Any CPU
		{C8A76201-479C-4A9F-815D-3218498391BD}.Release|Any CPU.Build.0 = Release|Any CPU
		{58D22B47-8D03-4FC9-AD73-7B9E40565F0A}.Debug|Any CPU.ActiveCfg = Debug|Any CPU
		{58D22B47-8D03-4FC9-AD73-7B9E40565F0A}.Debug|Any CPU.Build.0 = Debug|Any CPU
		{58D22B47-8D03-4FC9-AD73-7B9E40565F0A}.Release|Any CPU.ActiveCfg = Release|Any CPU
		{58D22B47-8D03-4FC9-AD73-7B9E40565F0A}.Release|Any CPU.Build.0 = Release|Any CPU
=======
		{BE9D3C54-2C5C-4BAB-838A-7AC3E2EAF719}.Debug|Any CPU.ActiveCfg = Debug|Any CPU
		{BE9D3C54-2C5C-4BAB-838A-7AC3E2EAF719}.Debug|Any CPU.Build.0 = Debug|Any CPU
		{BE9D3C54-2C5C-4BAB-838A-7AC3E2EAF719}.Release|Any CPU.ActiveCfg = Release|Any CPU
		{BE9D3C54-2C5C-4BAB-838A-7AC3E2EAF719}.Release|Any CPU.Build.0 = Release|Any CPU
>>>>>>> lesson-4.4
=======
		{BFF6A5B9-9FBE-4A6C-A392-6E75CEB0FDC2}.Debug|Any CPU.ActiveCfg = Debug|Any CPU
		{BFF6A5B9-9FBE-4A6C-A392-6E75CEB0FDC2}.Debug|Any CPU.Build.0 = Debug|Any CPU
		{BFF6A5B9-9FBE-4A6C-A392-6E75CEB0FDC2}.Release|Any CPU.ActiveCfg = Release|Any CPU
		{BFF6A5B9-9FBE-4A6C-A392-6E75CEB0FDC2}.Release|Any CPU.Build.0 = Release|Any CPU
		{78B7998C-220C-421F-B8F1-C37F739F36CC}.Debug|Any CPU.ActiveCfg = Debug|Any CPU
		{78B7998C-220C-421F-B8F1-C37F739F36CC}.Debug|Any CPU.Build.0 = Debug|Any CPU
		{78B7998C-220C-421F-B8F1-C37F739F36CC}.Release|Any CPU.ActiveCfg = Release|Any CPU
		{78B7998C-220C-421F-B8F1-C37F739F36CC}.Release|Any CPU.Build.0 = Release|Any CPU
		{5A980055-99AF-436D-8A35-C637D7CC83F0}.Debug|Any CPU.ActiveCfg = Debug|Any CPU
		{5A980055-99AF-436D-8A35-C637D7CC83F0}.Debug|Any CPU.Build.0 = Debug|Any CPU
		{5A980055-99AF-436D-8A35-C637D7CC83F0}.Release|Any CPU.ActiveCfg = Release|Any CPU
		{5A980055-99AF-436D-8A35-C637D7CC83F0}.Release|Any CPU.Build.0 = Release|Any CPU
		{A82B83F7-3F7A-4D6F-B7B4-32A1ADD3ACAA}.Debug|Any CPU.ActiveCfg = Debug|Any CPU
		{A82B83F7-3F7A-4D6F-B7B4-32A1ADD3ACAA}.Debug|Any CPU.Build.0 = Debug|Any CPU
		{A82B83F7-3F7A-4D6F-B7B4-32A1ADD3ACAA}.Release|Any CPU.ActiveCfg = Release|Any CPU
		{A82B83F7-3F7A-4D6F-B7B4-32A1ADD3ACAA}.Release|Any CPU.Build.0 = Release|Any CPU
		{25CA99FB-12FC-4F9B-88C7-7A6156C6AED1}.Debug|Any CPU.ActiveCfg = Debug|Any CPU
		{25CA99FB-12FC-4F9B-88C7-7A6156C6AED1}.Debug|Any CPU.Build.0 = Debug|Any CPU
		{25CA99FB-12FC-4F9B-88C7-7A6156C6AED1}.Release|Any CPU.ActiveCfg = Release|Any CPU
		{25CA99FB-12FC-4F9B-88C7-7A6156C6AED1}.Release|Any CPU.Build.0 = Release|Any CPU
>>>>>>> lesson-5.5
	EndGlobalSection
	GlobalSection(SolutionProperties) = preSolution
		HideSolutionNode = FALSE
	EndGlobalSection
	GlobalSection(NestedProjects) = preSolution
		{7C05BB1C-1F51-4F6C-9F05-6B37AEEA746B} = {1E0DA545-FE60-4DF5-A24A-0DE72C0A7938}
		{29F6DE29-44AF-43BB-ACC7-6A860D760EC5} = {1E0DA545-FE60-4DF5-A24A-0DE72C0A7938}
		{E8014B2F-0626-4934-B47F-378434DDBF04} = {1E0DA545-FE60-4DF5-A24A-0DE72C0A7938}
		{1BF111AA-68C2-41B9-98BC-1BD7A626CDA8} = {1E0DA545-FE60-4DF5-A24A-0DE72C0A7938}
		{4D556982-8437-49C5-82DC-A828B9709B8E} = {1E0DA545-FE60-4DF5-A24A-0DE72C0A7938}
<<<<<<< HEAD
		{E7FC9F80-A6C3-496D-9033-89B58C0F7AA2} = {30F7BC5B-8D90-41C3-B4C5-EF66C6F5F4D7}
<<<<<<< HEAD
		{C8A76201-479C-4A9F-815D-3218498391BD} = {30F7BC5B-8D90-41C3-B4C5-EF66C6F5F4D7}
		{58D22B47-8D03-4FC9-AD73-7B9E40565F0A} = {30F7BC5B-8D90-41C3-B4C5-EF66C6F5F4D7}
=======
		{BE9D3C54-2C5C-4BAB-838A-7AC3E2EAF719} = {30F7BC5B-8D90-41C3-B4C5-EF66C6F5F4D7}
>>>>>>> lesson-4.4
=======
		{BFF6A5B9-9FBE-4A6C-A392-6E75CEB0FDC2} = {A97F9CAC-B3D1-4148-8959-996C80E5CDDD}
		{78B7998C-220C-421F-B8F1-C37F739F36CC} = {A97F9CAC-B3D1-4148-8959-996C80E5CDDD}
		{5A980055-99AF-436D-8A35-C637D7CC83F0} = {A97F9CAC-B3D1-4148-8959-996C80E5CDDD}
		{A82B83F7-3F7A-4D6F-B7B4-32A1ADD3ACAA} = {A97F9CAC-B3D1-4148-8959-996C80E5CDDD}
		{25CA99FB-12FC-4F9B-88C7-7A6156C6AED1} = {A97F9CAC-B3D1-4148-8959-996C80E5CDDD}
>>>>>>> lesson-5.5
	EndGlobalSection
	GlobalSection(ExtensibilityGlobals) = postSolution
		SolutionGuid = {2E92A48D-C20B-40F9-8F7E-11F81CB6E15D}
	EndGlobalSection
EndGlobal
